// !$*UTF8*$!
{
	archiveVersion = 1;
	classes = {
	};
	objectVersion = 56;
	objects = {

/* Begin PBXBuildFile section */
		B4CCF9FF29C4838C00ED6DBA /* SirTalkaLotApp.swift in Sources */ = {isa = PBXBuildFile; fileRef = B4CCF9FE29C4838C00ED6DBA /* SirTalkaLotApp.swift */; };
		B4CCFA0129C4838C00ED6DBA /* ContentView.swift in Sources */ = {isa = PBXBuildFile; fileRef = B4CCFA0029C4838C00ED6DBA /* ContentView.swift */; };
		B4CCFA0329C4838E00ED6DBA /* Assets.xcassets in Resources */ = {isa = PBXBuildFile; fileRef = B4CCFA0229C4838E00ED6DBA /* Assets.xcassets */; };
		B4CCFA0629C4838E00ED6DBA /* Preview Assets.xcassets in Resources */ = {isa = PBXBuildFile; fileRef = B4CCFA0529C4838E00ED6DBA /* Preview Assets.xcassets */; };
		B4CCFA1029C4838E00ED6DBA /* SirTalkaLotTests.swift in Sources */ = {isa = PBXBuildFile; fileRef = B4CCFA0F29C4838E00ED6DBA /* SirTalkaLotTests.swift */; };
		B4CCFA1A29C4838E00ED6DBA /* SirTalkaLotUITests.swift in Sources */ = {isa = PBXBuildFile; fileRef = B4CCFA1929C4838E00ED6DBA /* SirTalkaLotUITests.swift */; };
		B4CCFA1C29C4838E00ED6DBA /* SirTalkaLotUITestsLaunchTests.swift in Sources */ = {isa = PBXBuildFile; fileRef = B4CCFA1B29C4838E00ED6DBA /* SirTalkaLotUITestsLaunchTests.swift */; };
		B4CCFA2929C48A0300ED6DBA /* WhisperASR.swift in Sources */ = {isa = PBXBuildFile; fileRef = B4CCFA2829C48A0300ED6DBA /* WhisperASR.swift */; };
		B4CCFA2B29C48A6000ED6DBA /* OpenAIAPI.swift in Sources */ = {isa = PBXBuildFile; fileRef = B4CCFA2A29C48A6000ED6DBA /* OpenAIAPI.swift */; };
		B4CCFA2D29C48B6600ED6DBA /* TextToSpeech.swift in Sources */ = {isa = PBXBuildFile; fileRef = B4CCFA2C29C48B6600ED6DBA /* TextToSpeech.swift */; };
		B4CCFA3129C4A56100ED6DBA /* PreviousConversationsView.swift in Sources */ = {isa = PBXBuildFile; fileRef = B4CCFA3029C4A56100ED6DBA /* PreviousConversationsView.swift */; };
/* End PBXBuildFile section */

/* Begin PBXContainerItemProxy section */
		B4CCFA0C29C4838E00ED6DBA /* PBXContainerItemProxy */ = {
			isa = PBXContainerItemProxy;
			containerPortal = B4CCF9F329C4838C00ED6DBA /* Project object */;
			proxyType = 1;
			remoteGlobalIDString = B4CCF9FA29C4838C00ED6DBA;
			remoteInfo = SirTalkaLot;
		};
		B4CCFA1629C4838E00ED6DBA /* PBXContainerItemProxy */ = {
			isa = PBXContainerItemProxy;
			containerPortal = B4CCF9F329C4838C00ED6DBA /* Project object */;
			proxyType = 1;
			remoteGlobalIDString = B4CCF9FA29C4838C00ED6DBA;
			remoteInfo = SirTalkaLot;
		};
/* End PBXContainerItemProxy section */

/* Begin PBXFileReference section */
		B4CCF9FB29C4838C00ED6DBA /* SirTalkaLot.app */ = {isa = PBXFileReference; explicitFileType = wrapper.application; includeInIndex = 0; path = SirTalkaLot.app; sourceTree = BUILT_PRODUCTS_DIR; };
		B4CCF9FE29C4838C00ED6DBA /* SirTalkaLotApp.swift */ = {isa = PBXFileReference; lastKnownFileType = sourcecode.swift; path = SirTalkaLotApp.swift; sourceTree = "<group>"; };
		B4CCFA0029C4838C00ED6DBA /* ContentView.swift */ = {isa = PBXFileReference; lastKnownFileType = sourcecode.swift; path = ContentView.swift; sourceTree = "<group>"; };
		B4CCFA0229C4838E00ED6DBA /* Assets.xcassets */ = {isa = PBXFileReference; lastKnownFileType = folder.assetcatalog; path = Assets.xcassets; sourceTree = "<group>"; };
		B4CCFA0529C4838E00ED6DBA /* Preview Assets.xcassets */ = {isa = PBXFileReference; lastKnownFileType = folder.assetcatalog; path = "Preview Assets.xcassets"; sourceTree = "<group>"; };
		B4CCFA0B29C4838E00ED6DBA /* SirTalkaLotTests.xctest */ = {isa = PBXFileReference; explicitFileType = wrapper.cfbundle; includeInIndex = 0; path = SirTalkaLotTests.xctest; sourceTree = BUILT_PRODUCTS_DIR; };
		B4CCFA0F29C4838E00ED6DBA /* SirTalkaLotTests.swift */ = {isa = PBXFileReference; lastKnownFileType = sourcecode.swift; path = SirTalkaLotTests.swift; sourceTree = "<group>"; };
		B4CCFA1529C4838E00ED6DBA /* SirTalkaLotUITests.xctest */ = {isa = PBXFileReference; explicitFileType = wrapper.cfbundle; includeInIndex = 0; path = SirTalkaLotUITests.xctest; sourceTree = BUILT_PRODUCTS_DIR; };
		B4CCFA1929C4838E00ED6DBA /* SirTalkaLotUITests.swift */ = {isa = PBXFileReference; lastKnownFileType = sourcecode.swift; path = SirTalkaLotUITests.swift; sourceTree = "<group>"; };
		B4CCFA1B29C4838E00ED6DBA /* SirTalkaLotUITestsLaunchTests.swift */ = {isa = PBXFileReference; lastKnownFileType = sourcecode.swift; path = SirTalkaLotUITestsLaunchTests.swift; sourceTree = "<group>"; };
		B4CCFA2829C48A0300ED6DBA /* WhisperASR.swift */ = {isa = PBXFileReference; lastKnownFileType = sourcecode.swift; path = WhisperASR.swift; sourceTree = "<group>"; };
		B4CCFA2A29C48A6000ED6DBA /* OpenAIAPI.swift */ = {isa = PBXFileReference; lastKnownFileType = sourcecode.swift; path = OpenAIAPI.swift; sourceTree = "<group>"; };
		B4CCFA2C29C48B6600ED6DBA /* TextToSpeech.swift */ = {isa = PBXFileReference; lastKnownFileType = sourcecode.swift; path = TextToSpeech.swift; sourceTree = "<group>"; };
		B4CCFA3029C4A56100ED6DBA /* PreviousConversationsView.swift */ = {isa = PBXFileReference; lastKnownFileType = sourcecode.swift; path = PreviousConversationsView.swift; sourceTree = "<group>"; };
/* End PBXFileReference section */

/* Begin PBXFrameworksBuildPhase section */
		B4CCF9F829C4838C00ED6DBA /* Frameworks */ = {
			isa = PBXFrameworksBuildPhase;
			buildActionMask = 2147483647;
			files = (
			);
			runOnlyForDeploymentPostprocessing = 0;
		};
		B4CCFA0829C4838E00ED6DBA /* Frameworks */ = {
			isa = PBXFrameworksBuildPhase;
			buildActionMask = 2147483647;
			files = (
			);
			runOnlyForDeploymentPostprocessing = 0;
		};
		B4CCFA1229C4838E00ED6DBA /* Frameworks */ = {
			isa = PBXFrameworksBuildPhase;
			buildActionMask = 2147483647;
			files = (
			);
			runOnlyForDeploymentPostprocessing = 0;
		};
/* End PBXFrameworksBuildPhase section */

/* Begin PBXGroup section */
		B4CCF9F229C4838C00ED6DBA = {
			isa = PBXGroup;
			children = (
				B4CCFA2C29C48B6600ED6DBA /* TextToSpeech.swift */,
				B4CCFA2A29C48A6000ED6DBA /* OpenAIAPI.swift */,
				B4CCF9FD29C4838C00ED6DBA /* SirTalkaLot */,
				B4CCFA0E29C4838E00ED6DBA /* SirTalkaLotTests */,
				B4CCFA1829C4838E00ED6DBA /* SirTalkaLotUITests */,
				B4CCF9FC29C4838C00ED6DBA /* Products */,
			);
			sourceTree = "<group>";
		};
		B4CCF9FC29C4838C00ED6DBA /* Products */ = {
			isa = PBXGroup;
			children = (
				B4CCF9FB29C4838C00ED6DBA /* SirTalkaLot.app */,
				B4CCFA0B29C4838E00ED6DBA /* SirTalkaLotTests.xctest */,
				B4CCFA1529C4838E00ED6DBA /* SirTalkaLotUITests.xctest */,
			);
			name = Products;
			sourceTree = "<group>";
		};
		B4CCF9FD29C4838C00ED6DBA /* SirTalkaLot */ = {
			isa = PBXGroup;
			children = (
				B4CCF9FE29C4838C00ED6DBA /* SirTalkaLotApp.swift */,
				B4CCFA0029C4838C00ED6DBA /* ContentView.swift */,
				B4CCFA3029C4A56100ED6DBA /* PreviousConversationsView.swift */,
				B4CCFA0229C4838E00ED6DBA /* Assets.xcassets */,
				B4CCFA0429C4838E00ED6DBA /* Preview Content */,
				B4CCFA2829C48A0300ED6DBA /* WhisperASR.swift */,
			);
			path = SirTalkaLot;
			sourceTree = "<group>";
		};
		B4CCFA0429C4838E00ED6DBA /* Preview Content */ = {
			isa = PBXGroup;
			children = (
				B4CCFA0529C4838E00ED6DBA /* Preview Assets.xcassets */,
			);
			path = "Preview Content";
			sourceTree = "<group>";
		};
		B4CCFA0E29C4838E00ED6DBA /* SirTalkaLotTests */ = {
			isa = PBXGroup;
			children = (
				B4CCFA0F29C4838E00ED6DBA /* SirTalkaLotTests.swift */,
			);
			path = SirTalkaLotTests;
			sourceTree = "<group>";
		};
		B4CCFA1829C4838E00ED6DBA /* SirTalkaLotUITests */ = {
			isa = PBXGroup;
			children = (
				B4CCFA1929C4838E00ED6DBA /* SirTalkaLotUITests.swift */,
				B4CCFA1B29C4838E00ED6DBA /* SirTalkaLotUITestsLaunchTests.swift */,
			);
			path = SirTalkaLotUITests;
			sourceTree = "<group>";
		};
/* End PBXGroup section */

/* Begin PBXNativeTarget section */
		B4CCF9FA29C4838C00ED6DBA /* SirTalkaLot */ = {
			isa = PBXNativeTarget;
			buildConfigurationList = B4CCFA1F29C4838E00ED6DBA /* Build configuration list for PBXNativeTarget "SirTalkaLot" */;
			buildPhases = (
				B4CCF9F729C4838C00ED6DBA /* Sources */,
				B4CCF9F829C4838C00ED6DBA /* Frameworks */,
				B4CCF9F929C4838C00ED6DBA /* Resources */,
			);
			buildRules = (
			);
			dependencies = (
			);
			name = SirTalkaLot;
			productName = SirTalkaLot;
			productReference = B4CCF9FB29C4838C00ED6DBA /* SirTalkaLot.app */;
			productType = "com.apple.product-type.application";
		};
		B4CCFA0A29C4838E00ED6DBA /* SirTalkaLotTests */ = {
			isa = PBXNativeTarget;
			buildConfigurationList = B4CCFA2229C4838E00ED6DBA /* Build configuration list for PBXNativeTarget "SirTalkaLotTests" */;
			buildPhases = (
				B4CCFA0729C4838E00ED6DBA /* Sources */,
				B4CCFA0829C4838E00ED6DBA /* Frameworks */,
				B4CCFA0929C4838E00ED6DBA /* Resources */,
			);
			buildRules = (
			);
			dependencies = (
				B4CCFA0D29C4838E00ED6DBA /* PBXTargetDependency */,
			);
			name = SirTalkaLotTests;
			productName = SirTalkaLotTests;
			productReference = B4CCFA0B29C4838E00ED6DBA /* SirTalkaLotTests.xctest */;
			productType = "com.apple.product-type.bundle.unit-test";
		};
		B4CCFA1429C4838E00ED6DBA /* SirTalkaLotUITests */ = {
			isa = PBXNativeTarget;
			buildConfigurationList = B4CCFA2529C4838E00ED6DBA /* Build configuration list for PBXNativeTarget "SirTalkaLotUITests" */;
			buildPhases = (
				B4CCFA1129C4838E00ED6DBA /* Sources */,
				B4CCFA1229C4838E00ED6DBA /* Frameworks */,
				B4CCFA1329C4838E00ED6DBA /* Resources */,
			);
			buildRules = (
			);
			dependencies = (
				B4CCFA1729C4838E00ED6DBA /* PBXTargetDependency */,
			);
			name = SirTalkaLotUITests;
			productName = SirTalkaLotUITests;
			productReference = B4CCFA1529C4838E00ED6DBA /* SirTalkaLotUITests.xctest */;
			productType = "com.apple.product-type.bundle.ui-testing";
		};
/* End PBXNativeTarget section */

/* Begin PBXProject section */
		B4CCF9F329C4838C00ED6DBA /* Project object */ = {
			isa = PBXProject;
			attributes = {
				BuildIndependentTargetsInParallel = 1;
				LastSwiftUpdateCheck = 1420;
				LastUpgradeCheck = 1420;
				TargetAttributes = {
					B4CCF9FA29C4838C00ED6DBA = {
						CreatedOnToolsVersion = 14.2;
					};
					B4CCFA0A29C4838E00ED6DBA = {
						CreatedOnToolsVersion = 14.2;
						TestTargetID = B4CCF9FA29C4838C00ED6DBA;
					};
					B4CCFA1429C4838E00ED6DBA = {
						CreatedOnToolsVersion = 14.2;
						TestTargetID = B4CCF9FA29C4838C00ED6DBA;
					};
				};
			};
			buildConfigurationList = B4CCF9F629C4838C00ED6DBA /* Build configuration list for PBXProject "SirTalkaLot" */;
			compatibilityVersion = "Xcode 14.0";
			developmentRegion = en;
			hasScannedForEncodings = 0;
			knownRegions = (
				en,
				Base,
			);
			mainGroup = B4CCF9F229C4838C00ED6DBA;
			productRefGroup = B4CCF9FC29C4838C00ED6DBA /* Products */;
			projectDirPath = "";
			projectRoot = "";
			targets = (
				B4CCF9FA29C4838C00ED6DBA /* SirTalkaLot */,
				B4CCFA0A29C4838E00ED6DBA /* SirTalkaLotTests */,
				B4CCFA1429C4838E00ED6DBA /* SirTalkaLotUITests */,
			);
		};
/* End PBXProject section */

/* Begin PBXResourcesBuildPhase section */
		B4CCF9F929C4838C00ED6DBA /* Resources */ = {
			isa = PBXResourcesBuildPhase;
			buildActionMask = 2147483647;
			files = (
				B4CCFA0629C4838E00ED6DBA /* Preview Assets.xcassets in Resources */,
				B4CCFA0329C4838E00ED6DBA /* Assets.xcassets in Resources */,
			);
			runOnlyForDeploymentPostprocessing = 0;
		};
		B4CCFA0929C4838E00ED6DBA /* Resources */ = {
			isa = PBXResourcesBuildPhase;
			buildActionMask = 2147483647;
			files = (
			);
			runOnlyForDeploymentPostprocessing = 0;
		};
		B4CCFA1329C4838E00ED6DBA /* Resources */ = {
			isa = PBXResourcesBuildPhase;
			buildActionMask = 2147483647;
			files = (
			);
			runOnlyForDeploymentPostprocessing = 0;
		};
/* End PBXResourcesBuildPhase section */

/* Begin PBXSourcesBuildPhase section */
		B4CCF9F729C4838C00ED6DBA /* Sources */ = {
			isa = PBXSourcesBuildPhase;
			buildActionMask = 2147483647;
			files = (
				B4CCFA2B29C48A6000ED6DBA /* OpenAIAPI.swift in Sources */,
				B4CCFA2D29C48B6600ED6DBA /* TextToSpeech.swift in Sources */,
				B4CCFA3129C4A56100ED6DBA /* PreviousConversationsView.swift in Sources */,
				B4CCFA0129C4838C00ED6DBA /* ContentView.swift in Sources */,
				B4CCF9FF29C4838C00ED6DBA /* SirTalkaLotApp.swift in Sources */,
				B4CCFA2929C48A0300ED6DBA /* WhisperASR.swift in Sources */,
			);
			runOnlyForDeploymentPostprocessing = 0;
		};
		B4CCFA0729C4838E00ED6DBA /* Sources */ = {
			isa = PBXSourcesBuildPhase;
			buildActionMask = 2147483647;
			files = (
				B4CCFA1029C4838E00ED6DBA /* SirTalkaLotTests.swift in Sources */,
			);
			runOnlyForDeploymentPostprocessing = 0;
		};
		B4CCFA1129C4838E00ED6DBA /* Sources */ = {
			isa = PBXSourcesBuildPhase;
			buildActionMask = 2147483647;
			files = (
				B4CCFA1A29C4838E00ED6DBA /* SirTalkaLotUITests.swift in Sources */,
				B4CCFA1C29C4838E00ED6DBA /* SirTalkaLotUITestsLaunchTests.swift in Sources */,
			);
			runOnlyForDeploymentPostprocessing = 0;
		};
/* End PBXSourcesBuildPhase section */

/* Begin PBXTargetDependency section */
		B4CCFA0D29C4838E00ED6DBA /* PBXTargetDependency */ = {
			isa = PBXTargetDependency;
			target = B4CCF9FA29C4838C00ED6DBA /* SirTalkaLot */;
			targetProxy = B4CCFA0C29C4838E00ED6DBA /* PBXContainerItemProxy */;
		};
		B4CCFA1729C4838E00ED6DBA /* PBXTargetDependency */ = {
			isa = PBXTargetDependency;
			target = B4CCF9FA29C4838C00ED6DBA /* SirTalkaLot */;
			targetProxy = B4CCFA1629C4838E00ED6DBA /* PBXContainerItemProxy */;
		};
/* End PBXTargetDependency section */

/* Begin XCBuildConfiguration section */
		B4CCFA1D29C4838E00ED6DBA /* Debug */ = {
			isa = XCBuildConfiguration;
			buildSettings = {
				ALWAYS_SEARCH_USER_PATHS = NO;
				CLANG_ANALYZER_NONNULL = YES;
				CLANG_ANALYZER_NUMBER_OBJECT_CONVERSION = YES_AGGRESSIVE;
				CLANG_CXX_LANGUAGE_STANDARD = "gnu++20";
				CLANG_ENABLE_MODULES = YES;
				CLANG_ENABLE_OBJC_ARC = YES;
				CLANG_ENABLE_OBJC_WEAK = YES;
				CLANG_WARN_BLOCK_CAPTURE_AUTORELEASING = YES;
				CLANG_WARN_BOOL_CONVERSION = YES;
				CLANG_WARN_COMMA = YES;
				CLANG_WARN_CONSTANT_CONVERSION = YES;
				CLANG_WARN_DEPRECATED_OBJC_IMPLEMENTATIONS = YES;
				CLANG_WARN_DIRECT_OBJC_ISA_USAGE = YES_ERROR;
				CLANG_WARN_DOCUMENTATION_COMMENTS = YES;
				CLANG_WARN_EMPTY_BODY = YES;
				CLANG_WARN_ENUM_CONVERSION = YES;
				CLANG_WARN_INFINITE_RECURSION = YES;
				CLANG_WARN_INT_CONVERSION = YES;
				CLANG_WARN_NON_LITERAL_NULL_CONVERSION = YES;
				CLANG_WARN_OBJC_IMPLICIT_RETAIN_SELF = YES;
				CLANG_WARN_OBJC_LITERAL_CONVERSION = YES;
				CLANG_WARN_OBJC_ROOT_CLASS = YES_ERROR;
				CLANG_WARN_QUOTED_INCLUDE_IN_FRAMEWORK_HEADER = YES;
				CLANG_WARN_RANGE_LOOP_ANALYSIS = YES;
				CLANG_WARN_STRICT_PROTOTYPES = YES;
				CLANG_WARN_SUSPICIOUS_MOVE = YES;
				CLANG_WARN_UNGUARDED_AVAILABILITY = YES_AGGRESSIVE;
				CLANG_WARN_UNREACHABLE_CODE = YES;
				CLANG_WARN__DUPLICATE_METHOD_MATCH = YES;
				COPY_PHASE_STRIP = NO;
				DEBUG_INFORMATION_FORMAT = dwarf;
				ENABLE_STRICT_OBJC_MSGSEND = YES;
				ENABLE_TESTABILITY = YES;
				GCC_C_LANGUAGE_STANDARD = gnu11;
				GCC_DYNAMIC_NO_PIC = NO;
				GCC_NO_COMMON_BLOCKS = YES;
				GCC_OPTIMIZATION_LEVEL = 0;
				GCC_PREPROCESSOR_DEFINITIONS = (
					"DEBUG=1",
					"$(inherited)",
				);
				GCC_WARN_64_TO_32_BIT_CONVERSION = YES;
				GCC_WARN_ABOUT_RETURN_TYPE = YES_ERROR;
				GCC_WARN_UNDECLARED_SELECTOR = YES;
				GCC_WARN_UNINITIALIZED_AUTOS = YES_AGGRESSIVE;
				GCC_WARN_UNUSED_FUNCTION = YES;
				GCC_WARN_UNUSED_VARIABLE = YES;
				IPHONEOS_DEPLOYMENT_TARGET = 16.2;
				MTL_ENABLE_DEBUG_INFO = INCLUDE_SOURCE;
				MTL_FAST_MATH = YES;
				ONLY_ACTIVE_ARCH = YES;
				SDKROOT = iphoneos;
				SWIFT_ACTIVE_COMPILATION_CONDITIONS = DEBUG;
				SWIFT_OPTIMIZATION_LEVEL = "-Onone";
			};
			name = Debug;
		};
		B4CCFA1E29C4838E00ED6DBA /* Release */ = {
			isa = XCBuildConfiguration;
			buildSettings = {
				ALWAYS_SEARCH_USER_PATHS = NO;
				CLANG_ANALYZER_NONNULL = YES;
				CLANG_ANALYZER_NUMBER_OBJECT_CONVERSION = YES_AGGRESSIVE;
				CLANG_CXX_LANGUAGE_STANDARD = "gnu++20";
				CLANG_ENABLE_MODULES = YES;
				CLANG_ENABLE_OBJC_ARC = YES;
				CLANG_ENABLE_OBJC_WEAK = YES;
				CLANG_WARN_BLOCK_CAPTURE_AUTORELEASING = YES;
				CLANG_WARN_BOOL_CONVERSION = YES;
				CLANG_WARN_COMMA = YES;
				CLANG_WARN_CONSTANT_CONVERSION = YES;
				CLANG_WARN_DEPRECATED_OBJC_IMPLEMENTATIONS = YES;
				CLANG_WARN_DIRECT_OBJC_ISA_USAGE = YES_ERROR;
				CLANG_WARN_DOCUMENTATION_COMMENTS = YES;
				CLANG_WARN_EMPTY_BODY = YES;
				CLANG_WARN_ENUM_CONVERSION = YES;
				CLANG_WARN_INFINITE_RECURSION = YES;
				CLANG_WARN_INT_CONVERSION = YES;
				CLANG_WARN_NON_LITERAL_NULL_CONVERSION = YES;
				CLANG_WARN_OBJC_IMPLICIT_RETAIN_SELF = YES;
				CLANG_WARN_OBJC_LITERAL_CONVERSION = YES;
				CLANG_WARN_OBJC_ROOT_CLASS = YES_ERROR;
				CLANG_WARN_QUOTED_INCLUDE_IN_FRAMEWORK_HEADER = YES;
				CLANG_WARN_RANGE_LOOP_ANALYSIS = YES;
				CLANG_WARN_STRICT_PROTOTYPES = YES;
				CLANG_WARN_SUSPICIOUS_MOVE = YES;
				CLANG_WARN_UNGUARDED_AVAILABILITY = YES_AGGRESSIVE;
				CLANG_WARN_UNREACHABLE_CODE = YES;
				CLANG_WARN__DUPLICATE_METHOD_MATCH = YES;
				COPY_PHASE_STRIP = NO;
				DEBUG_INFORMATION_FORMAT = "dwarf-with-dsym";
				ENABLE_NS_ASSERTIONS = NO;
				ENABLE_STRICT_OBJC_MSGSEND = YES;
				GCC_C_LANGUAGE_STANDARD = gnu11;
				GCC_NO_COMMON_BLOCKS = YES;
				GCC_WARN_64_TO_32_BIT_CONVERSION = YES;
				GCC_WARN_ABOUT_RETURN_TYPE = YES_ERROR;
				GCC_WARN_UNDECLARED_SELECTOR = YES;
				GCC_WARN_UNINITIALIZED_AUTOS = YES_AGGRESSIVE;
				GCC_WARN_UNUSED_FUNCTION = YES;
				GCC_WARN_UNUSED_VARIABLE = YES;
				IPHONEOS_DEPLOYMENT_TARGET = 16.2;
				MTL_ENABLE_DEBUG_INFO = NO;
				MTL_FAST_MATH = YES;
				SDKROOT = iphoneos;
				SWIFT_COMPILATION_MODE = wholemodule;
				SWIFT_OPTIMIZATION_LEVEL = "-O";
				VALIDATE_PRODUCT = YES;
			};
			name = Release;
		};
		B4CCFA2029C4838E00ED6DBA /* Debug */ = {
			isa = XCBuildConfiguration;
			buildSettings = {
				ASSETCATALOG_COMPILER_APPICON_NAME = AppIcon;
				ASSETCATALOG_COMPILER_GLOBAL_ACCENT_COLOR_NAME = AccentColor;
				CODE_SIGN_STYLE = Automatic;
				CURRENT_PROJECT_VERSION = 1;
				DEVELOPMENT_ASSET_PATHS = "\"SirTalkaLot/Preview Content\"";
				DEVELOPMENT_TEAM = CMYLNSG6AX;
				ENABLE_PREVIEWS = YES;
				GENERATE_INFOPLIST_FILE = YES;
				INFOPLIST_KEY_LSApplicationCategoryType = "";
				INFOPLIST_KEY_NSMicrophoneUsageDescription = "";
				INFOPLIST_KEY_NSSpeechRecognitionUsageDescription = "";
				INFOPLIST_KEY_UIApplicationSceneManifest_Generation = YES;
				INFOPLIST_KEY_UIApplicationSupportsIndirectInputEvents = YES;
				INFOPLIST_KEY_UILaunchScreen_Generation = YES;
				INFOPLIST_KEY_UISupportedInterfaceOrientations_iPad = "UIInterfaceOrientationPortrait UIInterfaceOrientationPortraitUpsideDown UIInterfaceOrientationLandscapeLeft UIInterfaceOrientationLandscapeRight";
				INFOPLIST_KEY_UISupportedInterfaceOrientations_iPhone = "UIInterfaceOrientationPortrait UIInterfaceOrientationLandscapeLeft UIInterfaceOrientationLandscapeRight";
				LD_RUNPATH_SEARCH_PATHS = (
					"$(inherited)",
					"@executable_path/Frameworks",
				);
				MARKETING_VERSION = 1.0;
				PRODUCT_BUNDLE_IDENTIFIER = com.webclip.SirTalkaLot;
				PRODUCT_NAME = "$(TARGET_NAME)";
				SWIFT_EMIT_LOC_STRINGS = YES;
				SWIFT_VERSION = 5.0;
				TARGETED_DEVICE_FAMILY = "1,2";
			};
			name = Debug;
		};
		B4CCFA2129C4838E00ED6DBA /* Release */ = {
			isa = XCBuildConfiguration;
			buildSettings = {
				ASSETCATALOG_COMPILER_APPICON_NAME = AppIcon;
				ASSETCATALOG_COMPILER_GLOBAL_ACCENT_COLOR_NAME = AccentColor;
				CODE_SIGN_STYLE = Automatic;
				CURRENT_PROJECT_VERSION = 1;
				DEVELOPMENT_ASSET_PATHS = "\"SirTalkaLot/Preview Content\"";
				DEVELOPMENT_TEAM = CMYLNSG6AX;
				ENABLE_PREVIEWS = YES;
				GENERATE_INFOPLIST_FILE = YES;
				INFOPLIST_KEY_LSApplicationCategoryType = "";
				INFOPLIST_KEY_NSMicrophoneUsageDescription = "";
				INFOPLIST_KEY_NSSpeechRecognitionUsageDescription = "";
				INFOPLIST_KEY_UIApplicationSceneManifest_Generation = YES;
				INFOPLIST_KEY_UIApplicationSupportsIndirectInputEvents = YES;
				INFOPLIST_KEY_UILaunchScreen_Generation = YES;
				INFOPLIST_KEY_UISupportedInterfaceOrientations_iPad = "UIInterfaceOrientationPortrait UIInterfaceOrientationPortraitUpsideDown UIInterfaceOrientationLandscapeLeft UIInterfaceOrientationLandscapeRight";
				INFOPLIST_KEY_UISupportedInterfaceOrientations_iPhone = "UIInterfaceOrientationPortrait UIInterfaceOrientationLandscapeLeft UIInterfaceOrientationLandscapeRight";
				LD_RUNPATH_SEARCH_PATHS = (
					"$(inherited)",
					"@executable_path/Frameworks",
				);
				MARKETING_VERSION = 1.0;
				PRODUCT_BUNDLE_IDENTIFIER = com.webclip.SirTalkaLot;
				PRODUCT_NAME = "$(TARGET_NAME)";
				SWIFT_EMIT_LOC_STRINGS = YES;
				SWIFT_VERSION = 5.0;
				TARGETED_DEVICE_FAMILY = "1,2";
			};
			name = Release;
		};
		B4CCFA2329C4838E00ED6DBA /* Debug */ = {
			isa = XCBuildConfiguration;
			buildSettings = {
				ALWAYS_EMBED_SWIFT_STANDARD_LIBRARIES = YES;
				BUNDLE_LOADER = "$(TEST_HOST)";
				CODE_SIGN_STYLE = Automatic;
				CURRENT_PROJECT_VERSION = 1;
				DEVELOPMENT_TEAM = CMYLNSG6AX;
				GENERATE_INFOPLIST_FILE = YES;
				IPHONEOS_DEPLOYMENT_TARGET = 16.2;
				MARKETING_VERSION = 1.0;
				PRODUCT_BUNDLE_IDENTIFIER = com.webclip.SirTalkaLotTests;
				PRODUCT_NAME = "$(TARGET_NAME)";
				SWIFT_EMIT_LOC_STRINGS = NO;
				SWIFT_VERSION = 5.0;
				TARGETED_DEVICE_FAMILY = "1,2";
				TEST_HOST = "$(BUILT_PRODUCTS_DIR)/SirTalkaLot.app/$(BUNDLE_EXECUTABLE_FOLDER_PATH)/SirTalkaLot";
			};
			name = Debug;
		};
		B4CCFA2429C4838E00ED6DBA /* Release */ = {
			isa = XCBuildConfiguration;
			buildSettings = {
				ALWAYS_EMBED_SWIFT_STANDARD_LIBRARIES = YES;
				BUNDLE_LOADER = "$(TEST_HOST)";
				CODE_SIGN_STYLE = Automatic;
				CURRENT_PROJECT_VERSION = 1;
				DEVELOPMENT_TEAM = CMYLNSG6AX;
				GENERATE_INFOPLIST_FILE = YES;
				IPHONEOS_DEPLOYMENT_TARGET = 16.2;
				MARKETING_VERSION = 1.0;
				PRODUCT_BUNDLE_IDENTIFIER = com.webclip.SirTalkaLotTests;
				PRODUCT_NAME = "$(TARGET_NAME)";
				SWIFT_EMIT_LOC_STRINGS = NO;
				SWIFT_VERSION = 5.0;
				TARGETED_DEVICE_FAMILY = "1,2";
				TEST_HOST = "$(BUILT_PRODUCTS_DIR)/SirTalkaLot.app/$(BUNDLE_EXECUTABLE_FOLDER_PATH)/SirTalkaLot";
			};
			name = Release;
		};
		B4CCFA2629C4838E00ED6DBA /* Debug */ = {
			isa = XCBuildConfiguration;
			buildSettings = {
				ALWAYS_EMBED_SWIFT_STANDARD_LIBRARIES = YES;
				CODE_SIGN_STYLE = Automatic;
				CURRENT_PROJECT_VERSION = 1;
				DEVELOPMENT_TEAM = CMYLNSG6AX;
				GENERATE_INFOPLIST_FILE = YES;
				MARKETING_VERSION = 1.0;
				PRODUCT_BUNDLE_IDENTIFIER = com.webclip.SirTalkaLotUITests;
				PRODUCT_NAME = "$(TARGET_NAME)";
				SWIFT_EMIT_LOC_STRINGS = NO;
				SWIFT_VERSION = 5.0;
				TARGETED_DEVICE_FAMILY = "1,2";
				TEST_TARGET_NAME = SirTalkaLot;
			};
			name = Debug;
		};
		B4CCFA2729C4838E00ED6DBA /* Release */ = {
			isa = XCBuildConfiguration;
			buildSettings = {
				ALWAYS_EMBED_SWIFT_STANDARD_LIBRARIES = YES;
				CODE_SIGN_STYLE = Automatic;
				CURRENT_PROJECT_VERSION = 1;
				DEVELOPMENT_TEAM = CMYLNSG6AX;
				GENERATE_INFOPLIST_FILE = YES;
				MARKETING_VERSION = 1.0;
				PRODUCT_BUNDLE_IDENTIFIER = com.webclip.SirTalkaLotUITests;
				PRODUCT_NAME = "$(TARGET_NAME)";
				SWIFT_EMIT_LOC_STRINGS = NO;
				SWIFT_VERSION = 5.0;
				TARGETED_DEVICE_FAMILY = "1,2";
				TEST_TARGET_NAME = SirTalkaLot;
			};
			name = Release;
		};
/* End XCBuildConfiguration section */

/* Begin XCConfigurationList section */
		B4CCF9F629C4838C00ED6DBA /* Build configuration list for PBXProject "SirTalkaLot" */ = {
			isa = XCConfigurationList;
			buildConfigurations = (
				B4CCFA1D29C4838E00ED6DBA /* Debug */,
				B4CCFA1E29C4838E00ED6DBA /* Release */,
			);
			defaultConfigurationIsVisible = 0;
			defaultConfigurationName = Release;
		};
		B4CCFA1F29C4838E00ED6DBA /* Build configuration list for PBXNativeTarget "SirTalkaLot" */ = {
			isa = XCConfigurationList;
			buildConfigurations = (
				B4CCFA2029C4838E00ED6DBA /* Debug */,
				B4CCFA2129C4838E00ED6DBA /* Release */,
			);
			defaultConfigurationIsVisible = 0;
			defaultConfigurationName = Release;
		};
		B4CCFA2229C4838E00ED6DBA /* Build configuration list for PBXNativeTarget "SirTalkaLotTests" */ = {
			isa = XCConfigurationList;
			buildConfigurations = (
				B4CCFA2329C4838E00ED6DBA /* Debug */,
				B4CCFA2429C4838E00ED6DBA /* Release */,
			);
			defaultConfigurationIsVisible = 0;
			defaultConfigurationName = Release;
		};
		B4CCFA2529C4838E00ED6DBA /* Build configuration list for PBXNativeTarget "SirTalkaLotUITests" */ = {
			isa = XCConfigurationList;
			buildConfigurations = (
				B4CCFA2629C4838E00ED6DBA /* Debug */,
				B4CCFA2729C4838E00ED6DBA /* Release */,
			);
			defaultConfigurationIsVisible = 0;
			defaultConfigurationName = Release;
		};
/* End XCConfigurationList section */
	};
	rootObject = B4CCF9F329C4838C00ED6DBA /* Project object */;
}
